// !$*UTF8*$!
{
	archiveVersion = 1;
	classes = {
	};
	objectVersion = 55;
	objects = {

/* Begin PBXBuildFile section */
		C4A1CEEB27E63101008B2C64 /* Colors.xcassets in Resources */ = {isa = PBXBuildFile; fileRef = C4A1CEEA27E630E6008B2C64 /* Colors.xcassets */; };
		C4B7DA7927E5127B004C7DA4 /* AppDelegate.swift in Sources */ = {isa = PBXBuildFile; fileRef = C4B7DA7827E5127B004C7DA4 /* AppDelegate.swift */; };
		C4B7DA7B27E5127B004C7DA4 /* SceneDelegate.swift in Sources */ = {isa = PBXBuildFile; fileRef = C4B7DA7A27E5127B004C7DA4 /* SceneDelegate.swift */; };
		C4B7DA8227E5127E004C7DA4 /* Assets.xcassets in Resources */ = {isa = PBXBuildFile; fileRef = C4B7DA8127E5127E004C7DA4 /* Assets.xcassets */; };
		C4B7DA8527E5127E004C7DA4 /* LaunchScreen.storyboard in Resources */ = {isa = PBXBuildFile; fileRef = C4B7DA8327E5127E004C7DA4 /* LaunchScreen.storyboard */; };
		C4B7DA9027E5127F004C7DA4 /* CryptoTests.swift in Sources */ = {isa = PBXBuildFile; fileRef = C4B7DA8F27E5127F004C7DA4 /* CryptoTests.swift */; };
		C4B7DA9A27E5127F004C7DA4 /* CryptoUITests.swift in Sources */ = {isa = PBXBuildFile; fileRef = C4B7DA9927E5127F004C7DA4 /* CryptoUITests.swift */; };
		C4B7DA9C27E5127F004C7DA4 /* CryptoUITestsLaunchTests.swift in Sources */ = {isa = PBXBuildFile; fileRef = C4B7DA9B27E5127F004C7DA4 /* CryptoUITestsLaunchTests.swift */; };
		C4B7DAAF27E525BE004C7DA4 /* Data in Frameworks */ = {isa = PBXBuildFile; productRef = C4B7DAAE27E525BE004C7DA4 /* Data */; };
		C4B7DAB127E525BE004C7DA4 /* Domain in Frameworks */ = {isa = PBXBuildFile; productRef = C4B7DAB027E525BE004C7DA4 /* Domain */; };
		C4B7DAB927E53022004C7DA4 /* Presentation in Frameworks */ = {isa = PBXBuildFile; productRef = C4B7DAB827E53022004C7DA4 /* Presentation */; };
		C4B7DAC127E54362004C7DA4 /* FeatureAssembly.swift in Sources */ = {isa = PBXBuildFile; fileRef = C4B7DAC027E54362004C7DA4 /* FeatureAssembly.swift */; };
/* End PBXBuildFile section */

/* Begin PBXContainerItemProxy section */
		C4B7DA8C27E5127F004C7DA4 /* PBXContainerItemProxy */ = {
			isa = PBXContainerItemProxy;
			containerPortal = C4B7DA6D27E5127B004C7DA4 /* Project object */;
			proxyType = 1;
			remoteGlobalIDString = C4B7DA7427E5127B004C7DA4;
			remoteInfo = Crypto;
		};
		C4B7DA9627E5127F004C7DA4 /* PBXContainerItemProxy */ = {
			isa = PBXContainerItemProxy;
			containerPortal = C4B7DA6D27E5127B004C7DA4 /* Project object */;
			proxyType = 1;
			remoteGlobalIDString = C4B7DA7427E5127B004C7DA4;
			remoteInfo = Crypto;
		};
/* End PBXContainerItemProxy section */

/* Begin PBXFileReference section */
		C4A1CEEA27E630E6008B2C64 /* Colors.xcassets */ = {isa = PBXFileReference; lastKnownFileType = folder.assetcatalog; path = Colors.xcassets; sourceTree = "<group>"; };
		C4B7DA7527E5127B004C7DA4 /* Crypto.app */ = {isa = PBXFileReference; explicitFileType = wrapper.application; includeInIndex = 0; path = Crypto.app; sourceTree = BUILT_PRODUCTS_DIR; };
		C4B7DA7827E5127B004C7DA4 /* AppDelegate.swift */ = {isa = PBXFileReference; lastKnownFileType = sourcecode.swift; path = AppDelegate.swift; sourceTree = "<group>"; };
		C4B7DA7A27E5127B004C7DA4 /* SceneDelegate.swift */ = {isa = PBXFileReference; lastKnownFileType = sourcecode.swift; path = SceneDelegate.swift; sourceTree = "<group>"; };
		C4B7DA8127E5127E004C7DA4 /* Assets.xcassets */ = {isa = PBXFileReference; lastKnownFileType = folder.assetcatalog; path = Assets.xcassets; sourceTree = "<group>"; };
		C4B7DA8427E5127E004C7DA4 /* Base */ = {isa = PBXFileReference; lastKnownFileType = file.storyboard; name = Base; path = Base.lproj/LaunchScreen.storyboard; sourceTree = "<group>"; };
		C4B7DA8627E5127E004C7DA4 /* Info.plist */ = {isa = PBXFileReference; lastKnownFileType = text.plist.xml; path = Info.plist; sourceTree = "<group>"; };
		C4B7DA8B27E5127F004C7DA4 /* CryptoTests.xctest */ = {isa = PBXFileReference; explicitFileType = wrapper.cfbundle; includeInIndex = 0; path = CryptoTests.xctest; sourceTree = BUILT_PRODUCTS_DIR; };
		C4B7DA8F27E5127F004C7DA4 /* CryptoTests.swift */ = {isa = PBXFileReference; lastKnownFileType = sourcecode.swift; path = CryptoTests.swift; sourceTree = "<group>"; };
		C4B7DA9527E5127F004C7DA4 /* CryptoUITests.xctest */ = {isa = PBXFileReference; explicitFileType = wrapper.cfbundle; includeInIndex = 0; path = CryptoUITests.xctest; sourceTree = BUILT_PRODUCTS_DIR; };
		C4B7DA9927E5127F004C7DA4 /* CryptoUITests.swift */ = {isa = PBXFileReference; lastKnownFileType = sourcecode.swift; path = CryptoUITests.swift; sourceTree = "<group>"; };
		C4B7DA9B27E5127F004C7DA4 /* CryptoUITestsLaunchTests.swift */ = {isa = PBXFileReference; lastKnownFileType = sourcecode.swift; path = CryptoUITestsLaunchTests.swift; sourceTree = "<group>"; };
		C4B7DAA827E512B2004C7DA4 /* CryptoPackage */ = {isa = PBXFileReference; lastKnownFileType = wrapper; name = CryptoPackage; path = ../CryptoPackage; sourceTree = "<group>"; };
		C4B7DAC027E54362004C7DA4 /* FeatureAssembly.swift */ = {isa = PBXFileReference; fileEncoding = 4; lastKnownFileType = sourcecode.swift; path = FeatureAssembly.swift; sourceTree = "<group>"; };
/* End PBXFileReference section */

/* Begin PBXFrameworksBuildPhase section */
		C4B7DA7227E5127B004C7DA4 /* Frameworks */ = {
			isa = PBXFrameworksBuildPhase;
			buildActionMask = 2147483647;
			files = (
				C4B7DAB127E525BE004C7DA4 /* Domain in Frameworks */,
				C4B7DAB927E53022004C7DA4 /* Presentation in Frameworks */,
				C4B7DAAF27E525BE004C7DA4 /* Data in Frameworks */,
			);
			runOnlyForDeploymentPostprocessing = 0;
		};
		C4B7DA8827E5127F004C7DA4 /* Frameworks */ = {
			isa = PBXFrameworksBuildPhase;
			buildActionMask = 2147483647;
			files = (
			);
			runOnlyForDeploymentPostprocessing = 0;
		};
		C4B7DA9227E5127F004C7DA4 /* Frameworks */ = {
			isa = PBXFrameworksBuildPhase;
			buildActionMask = 2147483647;
			files = (
			);
			runOnlyForDeploymentPostprocessing = 0;
		};
/* End PBXFrameworksBuildPhase section */

/* Begin PBXGroup section */
		C4B7DA6C27E5127B004C7DA4 = {
			isa = PBXGroup;
			children = (
				C4B7DAA827E512B2004C7DA4 /* CryptoPackage */,
				C4B7DA7727E5127B004C7DA4 /* Crypto */,
				C4B7DA8E27E5127F004C7DA4 /* CryptoTests */,
				C4B7DA9827E5127F004C7DA4 /* CryptoUITests */,
				C4B7DA7627E5127B004C7DA4 /* Products */,
				C4B7DAA927E524F2004C7DA4 /* Frameworks */,
			);
			sourceTree = "<group>";
		};
		C4B7DA7627E5127B004C7DA4 /* Products */ = {
			isa = PBXGroup;
			children = (
				C4B7DA7527E5127B004C7DA4 /* Crypto.app */,
				C4B7DA8B27E5127F004C7DA4 /* CryptoTests.xctest */,
				C4B7DA9527E5127F004C7DA4 /* CryptoUITests.xctest */,
			);
			name = Products;
			sourceTree = "<group>";
		};
		C4B7DA7727E5127B004C7DA4 /* Crypto */ = {
			isa = PBXGroup;
			children = (
				C4B7DAC227E54381004C7DA4 /* DI */,
				C4B7DA7827E5127B004C7DA4 /* AppDelegate.swift */,
				C4B7DA7A27E5127B004C7DA4 /* SceneDelegate.swift */,
				C4B7DA8127E5127E004C7DA4 /* Assets.xcassets */,
				C4A1CEEA27E630E6008B2C64 /* Colors.xcassets */,
				C4B7DA8327E5127E004C7DA4 /* LaunchScreen.storyboard */,
				C4B7DA8627E5127E004C7DA4 /* Info.plist */,
			);
			path = Crypto;
			sourceTree = "<group>";
		};
		C4B7DA8E27E5127F004C7DA4 /* CryptoTests */ = {
			isa = PBXGroup;
			children = (
				C4B7DA8F27E5127F004C7DA4 /* CryptoTests.swift */,
			);
			path = CryptoTests;
			sourceTree = "<group>";
		};
		C4B7DA9827E5127F004C7DA4 /* CryptoUITests */ = {
			isa = PBXGroup;
			children = (
				C4B7DA9927E5127F004C7DA4 /* CryptoUITests.swift */,
				C4B7DA9B27E5127F004C7DA4 /* CryptoUITestsLaunchTests.swift */,
			);
			path = CryptoUITests;
			sourceTree = "<group>";
		};
		C4B7DAA927E524F2004C7DA4 /* Frameworks */ = {
			isa = PBXGroup;
			children = (
			);
			name = Frameworks;
			sourceTree = "<group>";
		};
		C4B7DAC227E54381004C7DA4 /* DI */ = {
			isa = PBXGroup;
			children = (
				C4B7DAC027E54362004C7DA4 /* FeatureAssembly.swift */,
			);
			path = DI;
			sourceTree = "<group>";
		};
/* End PBXGroup section */

/* Begin PBXNativeTarget section */
		C4B7DA7427E5127B004C7DA4 /* Crypto */ = {
			isa = PBXNativeTarget;
			buildConfigurationList = C4B7DA9F27E5127F004C7DA4 /* Build configuration list for PBXNativeTarget "Crypto" */;
			buildPhases = (
				C4B7DA7127E5127B004C7DA4 /* Sources */,
				C4B7DA7227E5127B004C7DA4 /* Frameworks */,
				C4B7DA7327E5127B004C7DA4 /* Resources */,
			);
			buildRules = (
			);
			dependencies = (
			);
			name = Crypto;
			packageProductDependencies = (
				C4B7DAAE27E525BE004C7DA4 /* Data */,
				C4B7DAB027E525BE004C7DA4 /* Domain */,
				C4B7DAB827E53022004C7DA4 /* Presentation */,
			);
			productName = Crypto;
			productReference = C4B7DA7527E5127B004C7DA4 /* Crypto.app */;
			productType = "com.apple.product-type.application";
		};
		C4B7DA8A27E5127F004C7DA4 /* CryptoTests */ = {
			isa = PBXNativeTarget;
			buildConfigurationList = C4B7DAA227E5127F004C7DA4 /* Build configuration list for PBXNativeTarget "CryptoTests" */;
			buildPhases = (
				C4B7DA8727E5127F004C7DA4 /* Sources */,
				C4B7DA8827E5127F004C7DA4 /* Frameworks */,
				C4B7DA8927E5127F004C7DA4 /* Resources */,
			);
			buildRules = (
			);
			dependencies = (
				C4B7DA8D27E5127F004C7DA4 /* PBXTargetDependency */,
			);
			name = CryptoTests;
			productName = CryptoTests;
			productReference = C4B7DA8B27E5127F004C7DA4 /* CryptoTests.xctest */;
			productType = "com.apple.product-type.bundle.unit-test";
		};
		C4B7DA9427E5127F004C7DA4 /* CryptoUITests */ = {
			isa = PBXNativeTarget;
			buildConfigurationList = C4B7DAA527E5127F004C7DA4 /* Build configuration list for PBXNativeTarget "CryptoUITests" */;
			buildPhases = (
				C4B7DA9127E5127F004C7DA4 /* Sources */,
				C4B7DA9227E5127F004C7DA4 /* Frameworks */,
				C4B7DA9327E5127F004C7DA4 /* Resources */,
			);
			buildRules = (
			);
			dependencies = (
				C4B7DA9727E5127F004C7DA4 /* PBXTargetDependency */,
			);
			name = CryptoUITests;
			productName = CryptoUITests;
			productReference = C4B7DA9527E5127F004C7DA4 /* CryptoUITests.xctest */;
			productType = "com.apple.product-type.bundle.ui-testing";
		};
/* End PBXNativeTarget section */

/* Begin PBXProject section */
		C4B7DA6D27E5127B004C7DA4 /* Project object */ = {
			isa = PBXProject;
			attributes = {
				BuildIndependentTargetsInParallel = 1;
				LastSwiftUpdateCheck = 1330;
				LastUpgradeCheck = 1330;
				TargetAttributes = {
					C4B7DA7427E5127B004C7DA4 = {
						CreatedOnToolsVersion = 13.3;
					};
					C4B7DA8A27E5127F004C7DA4 = {
						CreatedOnToolsVersion = 13.3;
						TestTargetID = C4B7DA7427E5127B004C7DA4;
					};
					C4B7DA9427E5127F004C7DA4 = {
						CreatedOnToolsVersion = 13.3;
						TestTargetID = C4B7DA7427E5127B004C7DA4;
					};
				};
			};
			buildConfigurationList = C4B7DA7027E5127B004C7DA4 /* Build configuration list for PBXProject "Crypto" */;
			compatibilityVersion = "Xcode 13.0";
			developmentRegion = en;
			hasScannedForEncodings = 0;
			knownRegions = (
				en,
				Base,
			);
			mainGroup = C4B7DA6C27E5127B004C7DA4;
			productRefGroup = C4B7DA7627E5127B004C7DA4 /* Products */;
			projectDirPath = "";
			projectRoot = "";
			targets = (
				C4B7DA7427E5127B004C7DA4 /* Crypto */,
				C4B7DA8A27E5127F004C7DA4 /* CryptoTests */,
				C4B7DA9427E5127F004C7DA4 /* CryptoUITests */,
			);
		};
/* End PBXProject section */

/* Begin PBXResourcesBuildPhase section */
		C4B7DA7327E5127B004C7DA4 /* Resources */ = {
			isa = PBXResourcesBuildPhase;
			buildActionMask = 2147483647;
			files = (
				C4A1CEEB27E63101008B2C64 /* Colors.xcassets in Resources */,
				C4B7DA8527E5127E004C7DA4 /* LaunchScreen.storyboard in Resources */,
				C4B7DA8227E5127E004C7DA4 /* Assets.xcassets in Resources */,
			);
			runOnlyForDeploymentPostprocessing = 0;
		};
		C4B7DA8927E5127F004C7DA4 /* Resources */ = {
			isa = PBXResourcesBuildPhase;
			buildActionMask = 2147483647;
			files = (
			);
			runOnlyForDeploymentPostprocessing = 0;
		};
		C4B7DA9327E5127F004C7DA4 /* Resources */ = {
			isa = PBXResourcesBuildPhase;
			buildActionMask = 2147483647;
			files = (
			);
			runOnlyForDeploymentPostprocessing = 0;
		};
/* End PBXResourcesBuildPhase section */

/* Begin PBXSourcesBuildPhase section */
		C4B7DA7127E5127B004C7DA4 /* Sources */ = {
			isa = PBXSourcesBuildPhase;
			buildActionMask = 2147483647;
			files = (
				C4B7DAC127E54362004C7DA4 /* FeatureAssembly.swift in Sources */,
				C4B7DA7927E5127B004C7DA4 /* AppDelegate.swift in Sources */,
				C4B7DA7B27E5127B004C7DA4 /* SceneDelegate.swift in Sources */,
			);
			runOnlyForDeploymentPostprocessing = 0;
		};
		C4B7DA8727E5127F004C7DA4 /* Sources */ = {
			isa = PBXSourcesBuildPhase;
			buildActionMask = 2147483647;
			files = (
				C4B7DA9027E5127F004C7DA4 /* CryptoTests.swift in Sources */,
			);
			runOnlyForDeploymentPostprocessing = 0;
		};
		C4B7DA9127E5127F004C7DA4 /* Sources */ = {
			isa = PBXSourcesBuildPhase;
			buildActionMask = 2147483647;
			files = (
				C4B7DA9A27E5127F004C7DA4 /* CryptoUITests.swift in Sources */,
				C4B7DA9C27E5127F004C7DA4 /* CryptoUITestsLaunchTests.swift in Sources */,
			);
			runOnlyForDeploymentPostprocessing = 0;
		};
/* End PBXSourcesBuildPhase section */

/* Begin PBXTargetDependency section */
		C4B7DA8D27E5127F004C7DA4 /* PBXTargetDependency */ = {
			isa = PBXTargetDependency;
			target = C4B7DA7427E5127B004C7DA4 /* Crypto */;
			targetProxy = C4B7DA8C27E5127F004C7DA4 /* PBXContainerItemProxy */;
		};
		C4B7DA9727E5127F004C7DA4 /* PBXTargetDependency */ = {
			isa = PBXTargetDependency;
			target = C4B7DA7427E5127B004C7DA4 /* Crypto */;
			targetProxy = C4B7DA9627E5127F004C7DA4 /* PBXContainerItemProxy */;
		};
/* End PBXTargetDependency section */

/* Begin PBXVariantGroup section */
		C4B7DA8327E5127E004C7DA4 /* LaunchScreen.storyboard */ = {
			isa = PBXVariantGroup;
			children = (
				C4B7DA8427E5127E004C7DA4 /* Base */,
			);
			name = LaunchScreen.storyboard;
			sourceTree = "<group>";
		};
/* End PBXVariantGroup section */

/* Begin XCBuildConfiguration section */
		C4B7DA9D27E5127F004C7DA4 /* Debug */ = {
			isa = XCBuildConfiguration;
			buildSettings = {
				ALWAYS_SEARCH_USER_PATHS = NO;
				CLANG_ANALYZER_NONNULL = YES;
				CLANG_ANALYZER_NUMBER_OBJECT_CONVERSION = YES_AGGRESSIVE;
				CLANG_CXX_LANGUAGE_STANDARD = "gnu++17";
				CLANG_ENABLE_MODULES = YES;
				CLANG_ENABLE_OBJC_ARC = YES;
				CLANG_ENABLE_OBJC_WEAK = YES;
				CLANG_WARN_BLOCK_CAPTURE_AUTORELEASING = YES;
				CLANG_WARN_BOOL_CONVERSION = YES;
				CLANG_WARN_COMMA = YES;
				CLANG_WARN_CONSTANT_CONVERSION = YES;
				CLANG_WARN_DEPRECATED_OBJC_IMPLEMENTATIONS = YES;
				CLANG_WARN_DIRECT_OBJC_ISA_USAGE = YES_ERROR;
				CLANG_WARN_DOCUMENTATION_COMMENTS = YES;
				CLANG_WARN_EMPTY_BODY = YES;
				CLANG_WARN_ENUM_CONVERSION = YES;
				CLANG_WARN_INFINITE_RECURSION = YES;
				CLANG_WARN_INT_CONVERSION = YES;
				CLANG_WARN_NON_LITERAL_NULL_CONVERSION = YES;
				CLANG_WARN_OBJC_IMPLICIT_RETAIN_SELF = YES;
				CLANG_WARN_OBJC_LITERAL_CONVERSION = YES;
				CLANG_WARN_OBJC_ROOT_CLASS = YES_ERROR;
				CLANG_WARN_QUOTED_INCLUDE_IN_FRAMEWORK_HEADER = YES;
				CLANG_WARN_RANGE_LOOP_ANALYSIS = YES;
				CLANG_WARN_STRICT_PROTOTYPES = YES;
				CLANG_WARN_SUSPICIOUS_MOVE = YES;
				CLANG_WARN_UNGUARDED_AVAILABILITY = YES_AGGRESSIVE;
				CLANG_WARN_UNREACHABLE_CODE = YES;
				CLANG_WARN__DUPLICATE_METHOD_MATCH = YES;
				COPY_PHASE_STRIP = NO;
				DEBUG_INFORMATION_FORMAT = dwarf;
				ENABLE_STRICT_OBJC_MSGSEND = YES;
				ENABLE_TESTABILITY = YES;
				GCC_C_LANGUAGE_STANDARD = gnu11;
				GCC_DYNAMIC_NO_PIC = NO;
				GCC_NO_COMMON_BLOCKS = YES;
				GCC_OPTIMIZATION_LEVEL = 0;
				GCC_PREPROCESSOR_DEFINITIONS = (
					"DEBUG=1",
					"$(inherited)",
				);
				GCC_WARN_64_TO_32_BIT_CONVERSION = YES;
				GCC_WARN_ABOUT_RETURN_TYPE = YES_ERROR;
				GCC_WARN_UNDECLARED_SELECTOR = YES;
				GCC_WARN_UNINITIALIZED_AUTOS = YES_AGGRESSIVE;
				GCC_WARN_UNUSED_FUNCTION = YES;
				GCC_WARN_UNUSED_VARIABLE = YES;
				IPHONEOS_DEPLOYMENT_TARGET = 15.0;
				MTL_ENABLE_DEBUG_INFO = INCLUDE_SOURCE;
				MTL_FAST_MATH = YES;
				ONLY_ACTIVE_ARCH = YES;
				SDKROOT = iphoneos;
				SWIFT_ACTIVE_COMPILATION_CONDITIONS = DEBUG;
				SWIFT_OPTIMIZATION_LEVEL = "-Onone";
			};
			name = Debug;
		};
		C4B7DA9E27E5127F004C7DA4 /* Release */ = {
			isa = XCBuildConfiguration;
			buildSettings = {
				ALWAYS_SEARCH_USER_PATHS = NO;
				CLANG_ANALYZER_NONNULL = YES;
				CLANG_ANALYZER_NUMBER_OBJECT_CONVERSION = YES_AGGRESSIVE;
				CLANG_CXX_LANGUAGE_STANDARD = "gnu++17";
				CLANG_ENABLE_MODULES = YES;
				CLANG_ENABLE_OBJC_ARC = YES;
				CLANG_ENABLE_OBJC_WEAK = YES;
				CLANG_WARN_BLOCK_CAPTURE_AUTORELEASING = YES;
				CLANG_WARN_BOOL_CONVERSION = YES;
				CLANG_WARN_COMMA = YES;
				CLANG_WARN_CONSTANT_CONVERSION = YES;
				CLANG_WARN_DEPRECATED_OBJC_IMPLEMENTATIONS = YES;
				CLANG_WARN_DIRECT_OBJC_ISA_USAGE = YES_ERROR;
				CLANG_WARN_DOCUMENTATION_COMMENTS = YES;
				CLANG_WARN_EMPTY_BODY = YES;
				CLANG_WARN_ENUM_CONVERSION = YES;
				CLANG_WARN_INFINITE_RECURSION = YES;
				CLANG_WARN_INT_CONVERSION = YES;
				CLANG_WARN_NON_LITERAL_NULL_CONVERSION = YES;
				CLANG_WARN_OBJC_IMPLICIT_RETAIN_SELF = YES;
				CLANG_WARN_OBJC_LITERAL_CONVERSION = YES;
				CLANG_WARN_OBJC_ROOT_CLASS = YES_ERROR;
				CLANG_WARN_QUOTED_INCLUDE_IN_FRAMEWORK_HEADER = YES;
				CLANG_WARN_RANGE_LOOP_ANALYSIS = YES;
				CLANG_WARN_STRICT_PROTOTYPES = YES;
				CLANG_WARN_SUSPICIOUS_MOVE = YES;
				CLANG_WARN_UNGUARDED_AVAILABILITY = YES_AGGRESSIVE;
				CLANG_WARN_UNREACHABLE_CODE = YES;
				CLANG_WARN__DUPLICATE_METHOD_MATCH = YES;
				COPY_PHASE_STRIP = NO;
				DEBUG_INFORMATION_FORMAT = "dwarf-with-dsym";
				ENABLE_NS_ASSERTIONS = NO;
				ENABLE_STRICT_OBJC_MSGSEND = YES;
				GCC_C_LANGUAGE_STANDARD = gnu11;
				GCC_NO_COMMON_BLOCKS = YES;
				GCC_WARN_64_TO_32_BIT_CONVERSION = YES;
				GCC_WARN_ABOUT_RETURN_TYPE = YES_ERROR;
				GCC_WARN_UNDECLARED_SELECTOR = YES;
				GCC_WARN_UNINITIALIZED_AUTOS = YES_AGGRESSIVE;
				GCC_WARN_UNUSED_FUNCTION = YES;
				GCC_WARN_UNUSED_VARIABLE = YES;
				IPHONEOS_DEPLOYMENT_TARGET = 15.0;
				MTL_ENABLE_DEBUG_INFO = NO;
				MTL_FAST_MATH = YES;
				SDKROOT = iphoneos;
				SWIFT_COMPILATION_MODE = wholemodule;
				SWIFT_OPTIMIZATION_LEVEL = "-O";
				VALIDATE_PRODUCT = YES;
			};
			name = Release;
		};
		C4B7DAA027E5127F004C7DA4 /* Debug */ = {
			isa = XCBuildConfiguration;
			buildSettings = {
				ASSETCATALOG_COMPILER_APPICON_NAME = AppIcon;
				ASSETCATALOG_COMPILER_GLOBAL_ACCENT_COLOR_NAME = AccentColor;
				CODE_SIGN_STYLE = Automatic;
				CURRENT_PROJECT_VERSION = 1;
				DEVELOPMENT_TEAM = D7R9UAAYXJ;
				GENERATE_INFOPLIST_FILE = YES;
				INFOPLIST_FILE = Crypto/Info.plist;
				INFOPLIST_KEY_UIApplicationSupportsIndirectInputEvents = YES;
				INFOPLIST_KEY_UILaunchStoryboardName = LaunchScreen;
				INFOPLIST_KEY_UISupportedInterfaceOrientations_iPad = "UIInterfaceOrientationPortrait UIInterfaceOrientationPortraitUpsideDown UIInterfaceOrientationLandscapeLeft UIInterfaceOrientationLandscapeRight";
				INFOPLIST_KEY_UISupportedInterfaceOrientations_iPhone = "UIInterfaceOrientationPortrait UIInterfaceOrientationLandscapeLeft UIInterfaceOrientationLandscapeRight";
				LD_RUNPATH_SEARCH_PATHS = (
					"$(inherited)",
					"@executable_path/Frameworks",
				);
				MARKETING_VERSION = 1.0;
				PRODUCT_BUNDLE_IDENTIFIER = com.Crypto;
				PRODUCT_NAME = "$(TARGET_NAME)";
				SWIFT_EMIT_LOC_STRINGS = YES;
				SWIFT_VERSION = 5.0;
				TARGETED_DEVICE_FAMILY = "1,2";
			};
			name = Debug;
		};
		C4B7DAA127E5127F004C7DA4 /* Release */ = {
			isa = XCBuildConfiguration;
			buildSettings = {
				ASSETCATALOG_COMPILER_APPICON_NAME = AppIcon;
				ASSETCATALOG_COMPILER_GLOBAL_ACCENT_COLOR_NAME = AccentColor;
				CODE_SIGN_STYLE = Automatic;
				CURRENT_PROJECT_VERSION = 1;
				DEVELOPMENT_TEAM = D7R9UAAYXJ;
				GENERATE_INFOPLIST_FILE = YES;
				INFOPLIST_FILE = Crypto/Info.plist;
				INFOPLIST_KEY_UIApplicationSupportsIndirectInputEvents = YES;
				INFOPLIST_KEY_UILaunchStoryboardName = LaunchScreen;
				INFOPLIST_KEY_UISupportedInterfaceOrientations_iPad = "UIInterfaceOrientationPortrait UIInterfaceOrientationPortraitUpsideDown UIInterfaceOrientationLandscapeLeft UIInterfaceOrientationLandscapeRight";
				INFOPLIST_KEY_UISupportedInterfaceOrientations_iPhone = "UIInterfaceOrientationPortrait UIInterfaceOrientationLandscapeLeft UIInterfaceOrientationLandscapeRight";
				LD_RUNPATH_SEARCH_PATHS = (
					"$(inherited)",
					"@executable_path/Frameworks",
				);
				MARKETING_VERSION = 1.0;
				PRODUCT_BUNDLE_IDENTIFIER = com.Crypto;
				PRODUCT_NAME = "$(TARGET_NAME)";
				SWIFT_EMIT_LOC_STRINGS = YES;
				SWIFT_VERSION = 5.0;
				TARGETED_DEVICE_FAMILY = "1,2";
			};
			name = Release;
		};
		C4B7DAA327E5127F004C7DA4 /* Debug */ = {
			isa = XCBuildConfiguration;
			buildSettings = {
				ALWAYS_EMBED_SWIFT_STANDARD_LIBRARIES = YES;
				BUNDLE_LOADER = "$(TEST_HOST)";
				CODE_SIGN_STYLE = Automatic;
				CURRENT_PROJECT_VERSION = 1;
				DEVELOPMENT_TEAM = D7R9UAAYXJ;
				GENERATE_INFOPLIST_FILE = YES;
				IPHONEOS_DEPLOYMENT_TARGET = 15.4;
				MARKETING_VERSION = 1.0;
				PRODUCT_BUNDLE_IDENTIFIER = com.CryptoTests;
				PRODUCT_NAME = "$(TARGET_NAME)";
				SWIFT_EMIT_LOC_STRINGS = NO;
				SWIFT_VERSION = 5.0;
				TARGETED_DEVICE_FAMILY = "1,2";
				TEST_HOST = "$(BUILT_PRODUCTS_DIR)/Crypto.app/Crypto";
			};
			name = Debug;
		};
		C4B7DAA427E5127F004C7DA4 /* Release */ = {
			isa = XCBuildConfiguration;
			buildSettings = {
				ALWAYS_EMBED_SWIFT_STANDARD_LIBRARIES = YES;
				BUNDLE_LOADER = "$(TEST_HOST)";
				CODE_SIGN_STYLE = Automatic;
				CURRENT_PROJECT_VERSION = 1;
				DEVELOPMENT_TEAM = D7R9UAAYXJ;
				GENERATE_INFOPLIST_FILE = YES;
				IPHONEOS_DEPLOYMENT_TARGET = 15.4;
				MARKETING_VERSION = 1.0;
				PRODUCT_BUNDLE_IDENTIFIER = com.CryptoTests;
				PRODUCT_NAME = "$(TARGET_NAME)";
				SWIFT_EMIT_LOC_STRINGS = NO;
				SWIFT_VERSION = 5.0;
				TARGETED_DEVICE_FAMILY = "1,2";
				TEST_HOST = "$(BUILT_PRODUCTS_DIR)/Crypto.app/Crypto";
			};
			name = Release;
		};
		C4B7DAA627E5127F004C7DA4 /* Debug */ = {
			isa = XCBuildConfiguration;
			buildSettings = {
				ALWAYS_EMBED_SWIFT_STANDARD_LIBRARIES = YES;
				CODE_SIGN_STYLE = Automatic;
				CURRENT_PROJECT_VERSION = 1;
				DEVELOPMENT_TEAM = D7R9UAAYXJ;
				GENERATE_INFOPLIST_FILE = YES;
				MARKETING_VERSION = 1.0;
				PRODUCT_BUNDLE_IDENTIFIER = com.CryptoUITests;
				PRODUCT_NAME = "$(TARGET_NAME)";
				SWIFT_EMIT_LOC_STRINGS = NO;
				SWIFT_VERSION = 5.0;
				TARGETED_DEVICE_FAMILY = "1,2";
				TEST_TARGET_NAME = Crypto;
			};
			name = Debug;
		};
		C4B7DAA727E5127F004C7DA4 /* Release */ = {
			isa = XCBuildConfiguration;
			buildSettings = {
				ALWAYS_EMBED_SWIFT_STANDARD_LIBRARIES = YES;
				CODE_SIGN_STYLE = Automatic;
				CURRENT_PROJECT_VERSION = 1;
				DEVELOPMENT_TEAM = D7R9UAAYXJ;
				GENERATE_INFOPLIST_FILE = YES;
				MARKETING_VERSION = 1.0;
				PRODUCT_BUNDLE_IDENTIFIER = com.CryptoUITests;
				PRODUCT_NAME = "$(TARGET_NAME)";
				SWIFT_EMIT_LOC_STRINGS = NO;
				SWIFT_VERSION = 5.0;
				TARGETED_DEVICE_FAMILY = "1,2";
				TEST_TARGET_NAME = Crypto;
			};
			name = Release;
		};
/* End XCBuildConfiguration section */

/* Begin XCConfigurationList section */
		C4B7DA7027E5127B004C7DA4 /* Build configuration list for PBXProject "Crypto" */ = {
			isa = XCConfigurationList;
			buildConfigurations = (
				C4B7DA9D27E5127F004C7DA4 /* Debug */,
				C4B7DA9E27E5127F004C7DA4 /* Release */,
			);
			defaultConfigurationIsVisible = 0;
			defaultConfigurationName = Release;
		};
		C4B7DA9F27E5127F004C7DA4 /* Build configuration list for PBXNativeTarget "Crypto" */ = {
			isa = XCConfigurationList;
			buildConfigurations = (
				C4B7DAA027E5127F004C7DA4 /* Debug */,
				C4B7DAA127E5127F004C7DA4 /* Release */,
			);
			defaultConfigurationIsVisible = 0;
			defaultConfigurationName = Release;
		};
		C4B7DAA227E5127F004C7DA4 /* Build configuration list for PBXNativeTarget "CryptoTests" */ = {
			isa = XCConfigurationList;
			buildConfigurations = (
				C4B7DAA327E5127F004C7DA4 /* Debug */,
				C4B7DAA427E5127F004C7DA4 /* Release */,
			);
			defaultConfigurationIsVisible = 0;
			defaultConfigurationName = Release;
		};
		C4B7DAA527E5127F004C7DA4 /* Build configuration list for PBXNativeTarget "CryptoUITests" */ = {
			isa = XCConfigurationList;
			buildConfigurations = (
				C4B7DAA627E5127F004C7DA4 /* Debug */,
				C4B7DAA727E5127F004C7DA4 /* Release */,
			);
			defaultConfigurationIsVisible = 0;
			defaultConfigurationName = Release;
		};
/* End XCConfigurationList section */

/* Begin XCSwiftPackageProductDependency section */
		C4B7DAAE27E525BE004C7DA4 /* Data */ = {
			isa = XCSwiftPackageProductDependency;
			productName = Data;
		};
		C4B7DAB027E525BE004C7DA4 /* Domain */ = {
			isa = XCSwiftPackageProductDependency;
			productName = Domain;
		};
		C4B7DAB827E53022004C7DA4 /* Presentation */ = {
			isa = XCSwiftPackageProductDependency;
			productName = Presentation;
		};
/* End XCSwiftPackageProductDependency section */
	};
	rootObject = C4B7DA6D27E5127B004C7DA4 /* Project object */;
}
